
Microsoft Visual Studio Solution File, Format Version 12.00
# Visual Studio Version 17
VisualStudioVersion = 17.8.34330.188
MinimumVisualStudioVersion = 10.0.40219.1
Project("{FAE04EC0-301F-11D3-BF4B-00C04F79EFBC}") = "TrabalhandoComArraysEColecoes", "TrabalhandoComArraysEColecoes\TrabalhandoComArraysEColecoes.csproj", "{1D8056CB-D922-4EC7-8316-FEF8650A6708}"
EndProject
Global
	GlobalSection(SolutionConfigurationPlatforms) = preSolution
		Debug|Any CPU = Debug|Any CPU
		Release|Any CPU = Release|Any CPU
	EndGlobalSection
	GlobalSection(ProjectConfigurationPlatforms) = postSolution
		{1D8056CB-D922-4EC7-8316-FEF8650A6708}.Debug|Any CPU.ActiveCfg = Debug|Any CPU
		{1D8056CB-D922-4EC7-8316-FEF8650A6708}.Debug|Any CPU.Build.0 = Debug|Any CPU
		{1D8056CB-D922-4EC7-8316-FEF8650A6708}.Release|Any CPU.ActiveCfg = Release|Any CPU
		{1D8056CB-D922-4EC7-8316-FEF8650A6708}.Release|Any CPU.Build.0 = Release|Any CPU
	EndGlobalSection
	GlobalSection(SolutionProperties) = preSolution
		HideSolutionNode = FALSE
	EndGlobalSection
	GlobalSection(ExtensibilityGlobals) = postSolution
		SolutionGuid = {BA66EDE7-B40B-4585-B0D6-3E58DCD8CC53}
	EndGlobalSection
EndGlobal
